
Microsoft Visual Studio Solution File, Format Version 12.00
# Visual Studio 15
VisualStudioVersion = 15.0.28307.572
MinimumVisualStudioVersion = 10.0.40219.1
Project("{FAE04EC0-301F-11D3-BF4B-00C04F79EFBC}") = "TifFilePath", "TifFilePath\TifFilePath.csproj", "{8ECC0D0B-034E-49FD-810E-A5C1B298D1D9}"
EndProject
Global
	GlobalSection(SolutionConfigurationPlatforms) = preSolution
		Debug|Any CPU = Debug|Any CPU
		Release|Any CPU = Release|Any CPU
	EndGlobalSection
	GlobalSection(ProjectConfigurationPlatforms) = postSolution
		{8ECC0D0B-034E-49FD-810E-A5C1B298D1D9}.Debug|Any CPU.ActiveCfg = Debug|Any CPU
		{8ECC0D0B-034E-49FD-810E-A5C1B298D1D9}.Debug|Any CPU.Build.0 = Debug|Any CPU
		{8ECC0D0B-034E-49FD-810E-A5C1B298D1D9}.Release|Any CPU.ActiveCfg = Release|Any CPU
		{8ECC0D0B-034E-49FD-810E-A5C1B298D1D9}.Release|Any CPU.Build.0 = Release|Any CPU
	EndGlobalSection
	GlobalSection(SolutionProperties) = preSolution
		HideSolutionNode = FALSE
	EndGlobalSection
	GlobalSection(ExtensibilityGlobals) = postSolution
		SolutionGuid = {F30DD470-75BA-458E-A872-BC2B06B140A4}
	EndGlobalSection
EndGlobal
